
Microsoft Visual Studio Solution File, Format Version 12.00
# Visual Studio Version 16
VisualStudioVersion = 16.0.29911.84
MinimumVisualStudioVersion = 10.0.40219.1
Project("{FAE04EC0-301F-11D3-BF4B-00C04F79EFBC}") = "LinqTask", "LinqTask.csproj", "{65AA1DA6-5891-4602-8CEB-5B8E037A18D6}"
EndProject
Global
	GlobalSection(SolutionConfigurationPlatforms) = preSolution
		Debug|Any CPU = Debug|Any CPU
		Release|Any CPU = Release|Any CPU
	EndGlobalSection
	GlobalSection(ProjectConfigurationPlatforms) = postSolution
		{65AA1DA6-5891-4602-8CEB-5B8E037A18D6}.Debug|Any CPU.ActiveCfg = Debug|Any CPU
		{65AA1DA6-5891-4602-8CEB-5B8E037A18D6}.Debug|Any CPU.Build.0 = Debug|Any CPU
		{65AA1DA6-5891-4602-8CEB-5B8E037A18D6}.Release|Any CPU.ActiveCfg = Release|Any CPU
		{65AA1DA6-5891-4602-8CEB-5B8E037A18D6}.Release|Any CPU.Build.0 = Release|Any CPU
	EndGlobalSection
	GlobalSection(SolutionProperties) = preSolution
		HideSolutionNode = FALSE
	EndGlobalSection
	GlobalSection(ExtensibilityGlobals) = postSolution
		SolutionGuid = {3E7EBA33-0567-4A0D-A3FF-D57E048C5BA3}
	EndGlobalSection
EndGlobal
